// !$*UTF8*$!
{
	archiveVersion = 1;
	classes = {
	};
	objectVersion = 55;
	objects = {

/* Begin PBXBuildFile section */
		5E3000FD28468E7800E7B0A8 /* AppDelegate.swift in Sources */ = {isa = PBXBuildFile; fileRef = 5E3000FC28468E7800E7B0A8 /* AppDelegate.swift */; };
		5E3000FF28468E7800E7B0A8 /* SceneDelegate.swift in Sources */ = {isa = PBXBuildFile; fileRef = 5E3000FE28468E7800E7B0A8 /* SceneDelegate.swift */; };
		5E30010128468E7800E7B0A8 /* ViewController.swift in Sources */ = {isa = PBXBuildFile; fileRef = 5E30010028468E7800E7B0A8 /* ViewController.swift */; };
		5E30010428468E7800E7B0A8 /* Main.storyboard in Resources */ = {isa = PBXBuildFile; fileRef = 5E30010228468E7800E7B0A8 /* Main.storyboard */; };
		5E30010628468E7900E7B0A8 /* Assets.xcassets in Resources */ = {isa = PBXBuildFile; fileRef = 5E30010528468E7900E7B0A8 /* Assets.xcassets */; };
		5E30010928468E7900E7B0A8 /* LaunchScreen.storyboard in Resources */ = {isa = PBXBuildFile; fileRef = 5E30010728468E7900E7B0A8 /* LaunchScreen.storyboard */; };
		5E30011428468E7900E7B0A8 /* generatorRandomPhotosTests.swift in Sources */ = {isa = PBXBuildFile; fileRef = 5E30011328468E7900E7B0A8 /* generatorRandomPhotosTests.swift */; };
		5E30011E28468E7900E7B0A8 /* generatorRandomPhotosUITests.swift in Sources */ = {isa = PBXBuildFile; fileRef = 5E30011D28468E7900E7B0A8 /* generatorRandomPhotosUITests.swift */; };
		5E30012028468E7900E7B0A8 /* generatorRandomPhotosUITestsLaunchTests.swift in Sources */ = {isa = PBXBuildFile; fileRef = 5E30011F28468E7900E7B0A8 /* generatorRandomPhotosUITestsLaunchTests.swift */; };
/* End PBXBuildFile section */

/* Begin PBXContainerItemProxy section */
		5E30011028468E7900E7B0A8 /* PBXContainerItemProxy */ = {
			isa = PBXContainerItemProxy;
			containerPortal = 5E3000F128468E7700E7B0A8 /* Project object */;
			proxyType = 1;
			remoteGlobalIDString = 5E3000F828468E7700E7B0A8;
			remoteInfo = generatorRandomPhotos;
		};
		5E30011A28468E7900E7B0A8 /* PBXContainerItemProxy */ = {
			isa = PBXContainerItemProxy;
			containerPortal = 5E3000F128468E7700E7B0A8 /* Project object */;
			proxyType = 1;
			remoteGlobalIDString = 5E3000F828468E7700E7B0A8;
			remoteInfo = generatorRandomPhotos;
		};
/* End PBXContainerItemProxy section */

/* Begin PBXFileReference section */
		5E3000F928468E7700E7B0A8 /* generatorRandomPhotos.app */ = {isa = PBXFileReference; explicitFileType = wrapper.application; includeInIndex = 0; path = generatorRandomPhotos.app; sourceTree = BUILT_PRODUCTS_DIR; };
		5E3000FC28468E7800E7B0A8 /* AppDelegate.swift */ = {isa = PBXFileReference; lastKnownFileType = sourcecode.swift; path = AppDelegate.swift; sourceTree = "<group>"; };
		5E3000FE28468E7800E7B0A8 /* SceneDelegate.swift */ = {isa = PBXFileReference; lastKnownFileType = sourcecode.swift; path = SceneDelegate.swift; sourceTree = "<group>"; };
		5E30010028468E7800E7B0A8 /* ViewController.swift */ = {isa = PBXFileReference; lastKnownFileType = sourcecode.swift; path = ViewController.swift; sourceTree = "<group>"; };
		5E30010328468E7800E7B0A8 /* Base */ = {isa = PBXFileReference; lastKnownFileType = file.storyboard; name = Base; path = Base.lproj/Main.storyboard; sourceTree = "<group>"; };
		5E30010528468E7900E7B0A8 /* Assets.xcassets */ = {isa = PBXFileReference; lastKnownFileType = folder.assetcatalog; path = Assets.xcassets; sourceTree = "<group>"; };
		5E30010828468E7900E7B0A8 /* Base */ = {isa = PBXFileReference; lastKnownFileType = file.storyboard; name = Base; path = Base.lproj/LaunchScreen.storyboard; sourceTree = "<group>"; };
		5E30010A28468E7900E7B0A8 /* Info.plist */ = {isa = PBXFileReference; lastKnownFileType = text.plist.xml; path = Info.plist; sourceTree = "<group>"; };
		5E30010F28468E7900E7B0A8 /* generatorRandomPhotosTests.xctest */ = {isa = PBXFileReference; explicitFileType = wrapper.cfbundle; includeInIndex = 0; path = generatorRandomPhotosTests.xctest; sourceTree = BUILT_PRODUCTS_DIR; };
		5E30011328468E7900E7B0A8 /* generatorRandomPhotosTests.swift */ = {isa = PBXFileReference; lastKnownFileType = sourcecode.swift; path = generatorRandomPhotosTests.swift; sourceTree = "<group>"; };
		5E30011928468E7900E7B0A8 /* generatorRandomPhotosUITests.xctest */ = {isa = PBXFileReference; explicitFileType = wrapper.cfbundle; includeInIndex = 0; path = generatorRandomPhotosUITests.xctest; sourceTree = BUILT_PRODUCTS_DIR; };
		5E30011D28468E7900E7B0A8 /* generatorRandomPhotosUITests.swift */ = {isa = PBXFileReference; lastKnownFileType = sourcecode.swift; path = generatorRandomPhotosUITests.swift; sourceTree = "<group>"; };
		5E30011F28468E7900E7B0A8 /* generatorRandomPhotosUITestsLaunchTests.swift */ = {isa = PBXFileReference; lastKnownFileType = sourcecode.swift; path = generatorRandomPhotosUITestsLaunchTests.swift; sourceTree = "<group>"; };
/* End PBXFileReference section */

/* Begin PBXFrameworksBuildPhase section */
		5E3000F628468E7700E7B0A8 /* Frameworks */ = {
			isa = PBXFrameworksBuildPhase;
			buildActionMask = 2147483647;
			files = (
			);
			runOnlyForDeploymentPostprocessing = 0;
		};
		5E30010C28468E7900E7B0A8 /* Frameworks */ = {
			isa = PBXFrameworksBuildPhase;
			buildActionMask = 2147483647;
			files = (
			);
			runOnlyForDeploymentPostprocessing = 0;
		};
		5E30011628468E7900E7B0A8 /* Frameworks */ = {
			isa = PBXFrameworksBuildPhase;
			buildActionMask = 2147483647;
			files = (
			);
			runOnlyForDeploymentPostprocessing = 0;
		};
/* End PBXFrameworksBuildPhase section */

/* Begin PBXGroup section */
		5E3000F028468E7700E7B0A8 = {
			isa = PBXGroup;
			children = (
				5E3000FB28468E7800E7B0A8 /* generatorRandomPhotos */,
				5E30011228468E7900E7B0A8 /* generatorRandomPhotosTests */,
				5E30011C28468E7900E7B0A8 /* generatorRandomPhotosUITests */,
				5E3000FA28468E7700E7B0A8 /* Products */,
			);
			sourceTree = "<group>";
		};
		5E3000FA28468E7700E7B0A8 /* Products */ = {
			isa = PBXGroup;
			children = (
				5E3000F928468E7700E7B0A8 /* generatorRandomPhotos.app */,
				5E30010F28468E7900E7B0A8 /* generatorRandomPhotosTests.xctest */,
				5E30011928468E7900E7B0A8 /* generatorRandomPhotosUITests.xctest */,
			);
			name = Products;
			sourceTree = "<group>";
		};
		5E3000FB28468E7800E7B0A8 /* generatorRandomPhotos */ = {
			isa = PBXGroup;
			children = (
				5E3000FC28468E7800E7B0A8 /* AppDelegate.swift */,
				5E3000FE28468E7800E7B0A8 /* SceneDelegate.swift */,
				5E30010028468E7800E7B0A8 /* ViewController.swift */,
				5E30010228468E7800E7B0A8 /* Main.storyboard */,
				5E30010528468E7900E7B0A8 /* Assets.xcassets */,
				5E30010728468E7900E7B0A8 /* LaunchScreen.storyboard */,
				5E30010A28468E7900E7B0A8 /* Info.plist */,
			);
			path = generatorRandomPhotos;
			sourceTree = "<group>";
		};
		5E30011228468E7900E7B0A8 /* generatorRandomPhotosTests */ = {
			isa = PBXGroup;
			children = (
				5E30011328468E7900E7B0A8 /* generatorRandomPhotosTests.swift */,
			);
			path = generatorRandomPhotosTests;
			sourceTree = "<group>";
		};
		5E30011C28468E7900E7B0A8 /* generatorRandomPhotosUITests */ = {
			isa = PBXGroup;
			children = (
				5E30011D28468E7900E7B0A8 /* generatorRandomPhotosUITests.swift */,
				5E30011F28468E7900E7B0A8 /* generatorRandomPhotosUITestsLaunchTests.swift */,
			);
			path = generatorRandomPhotosUITests;
			sourceTree = "<group>";
		};
/* End PBXGroup section */

/* Begin PBXNativeTarget section */
		5E3000F828468E7700E7B0A8 /* generatorRandomPhotos */ = {
			isa = PBXNativeTarget;
			buildConfigurationList = 5E30012328468E7900E7B0A8 /* Build configuration list for PBXNativeTarget "generatorRandomPhotos" */;
			buildPhases = (
				5E3000F528468E7700E7B0A8 /* Sources */,
				5E3000F628468E7700E7B0A8 /* Frameworks */,
				5E3000F728468E7700E7B0A8 /* Resources */,
			);
			buildRules = (
			);
			dependencies = (
			);
			name = generatorRandomPhotos;
			productName = generatorRandomPhotos;
			productReference = 5E3000F928468E7700E7B0A8 /* generatorRandomPhotos.app */;
			productType = "com.apple.product-type.application";
		};
		5E30010E28468E7900E7B0A8 /* generatorRandomPhotosTests */ = {
			isa = PBXNativeTarget;
			buildConfigurationList = 5E30012628468E7900E7B0A8 /* Build configuration list for PBXNativeTarget "generatorRandomPhotosTests" */;
			buildPhases = (
				5E30010B28468E7900E7B0A8 /* Sources */,
				5E30010C28468E7900E7B0A8 /* Frameworks */,
				5E30010D28468E7900E7B0A8 /* Resources */,
			);
			buildRules = (
			);
			dependencies = (
				5E30011128468E7900E7B0A8 /* PBXTargetDependency */,
			);
			name = generatorRandomPhotosTests;
			productName = generatorRandomPhotosTests;
			productReference = 5E30010F28468E7900E7B0A8 /* generatorRandomPhotosTests.xctest */;
			productType = "com.apple.product-type.bundle.unit-test";
		};
		5E30011828468E7900E7B0A8 /* generatorRandomPhotosUITests */ = {
			isa = PBXNativeTarget;
			buildConfigurationList = 5E30012928468E7900E7B0A8 /* Build configuration list for PBXNativeTarget "generatorRandomPhotosUITests" */;
			buildPhases = (
				5E30011528468E7900E7B0A8 /* Sources */,
				5E30011628468E7900E7B0A8 /* Frameworks */,
				5E30011728468E7900E7B0A8 /* Resources */,
			);
			buildRules = (
			);
			dependencies = (
				5E30011B28468E7900E7B0A8 /* PBXTargetDependency */,
			);
			name = generatorRandomPhotosUITests;
			productName = generatorRandomPhotosUITests;
			productReference = 5E30011928468E7900E7B0A8 /* generatorRandomPhotosUITests.xctest */;
			productType = "com.apple.product-type.bundle.ui-testing";
		};
/* End PBXNativeTarget section */

/* Begin PBXProject section */
		5E3000F128468E7700E7B0A8 /* Project object */ = {
			isa = PBXProject;
			attributes = {
				BuildIndependentTargetsInParallel = 1;
				LastSwiftUpdateCheck = 1340;
				LastUpgradeCheck = 1340;
				TargetAttributes = {
					5E3000F828468E7700E7B0A8 = {
						CreatedOnToolsVersion = 13.4;
					};
					5E30010E28468E7900E7B0A8 = {
						CreatedOnToolsVersion = 13.4;
						TestTargetID = 5E3000F828468E7700E7B0A8;
					};
					5E30011828468E7900E7B0A8 = {
						CreatedOnToolsVersion = 13.4;
						TestTargetID = 5E3000F828468E7700E7B0A8;
					};
				};
			};
			buildConfigurationList = 5E3000F428468E7700E7B0A8 /* Build configuration list for PBXProject "generatorRandomPhotos" */;
			compatibilityVersion = "Xcode 13.0";
			developmentRegion = en;
			hasScannedForEncodings = 0;
			knownRegions = (
				en,
				Base,
			);
			mainGroup = 5E3000F028468E7700E7B0A8;
			productRefGroup = 5E3000FA28468E7700E7B0A8 /* Products */;
			projectDirPath = "";
			projectRoot = "";
			targets = (
				5E3000F828468E7700E7B0A8 /* generatorRandomPhotos */,
				5E30010E28468E7900E7B0A8 /* generatorRandomPhotosTests */,
				5E30011828468E7900E7B0A8 /* generatorRandomPhotosUITests */,
			);
		};
/* End PBXProject section */

/* Begin PBXResourcesBuildPhase section */
		5E3000F728468E7700E7B0A8 /* Resources */ = {
			isa = PBXResourcesBuildPhase;
			buildActionMask = 2147483647;
			files = (
				5E30010928468E7900E7B0A8 /* LaunchScreen.storyboard in Resources */,
				5E30010628468E7900E7B0A8 /* Assets.xcassets in Resources */,
				5E30010428468E7800E7B0A8 /* Main.storyboard in Resources */,
			);
			runOnlyForDeploymentPostprocessing = 0;
		};
		5E30010D28468E7900E7B0A8 /* Resources */ = {
			isa = PBXResourcesBuildPhase;
			buildActionMask = 2147483647;
			files = (
			);
			runOnlyForDeploymentPostprocessing = 0;
		};
		5E30011728468E7900E7B0A8 /* Resources */ = {
			isa = PBXResourcesBuildPhase;
			buildActionMask = 2147483647;
			files = (
			);
			runOnlyForDeploymentPostprocessing = 0;
		};
/* End PBXResourcesBuildPhase section */

/* Begin PBXSourcesBuildPhase section */
		5E3000F528468E7700E7B0A8 /* Sources */ = {
			isa = PBXSourcesBuildPhase;
			buildActionMask = 2147483647;
			files = (
				5E30010128468E7800E7B0A8 /* ViewController.swift in Sources */,
				5E3000FD28468E7800E7B0A8 /* AppDelegate.swift in Sources */,
				5E3000FF28468E7800E7B0A8 /* SceneDelegate.swift in Sources */,
			);
			runOnlyForDeploymentPostprocessing = 0;
		};
		5E30010B28468E7900E7B0A8 /* Sources */ = {
			isa = PBXSourcesBuildPhase;
			buildActionMask = 2147483647;
			files = (
				5E30011428468E7900E7B0A8 /* generatorRandomPhotosTests.swift in Sources */,
			);
			runOnlyForDeploymentPostprocessing = 0;
		};
		5E30011528468E7900E7B0A8 /* Sources */ = {
			isa = PBXSourcesBuildPhase;
			buildActionMask = 2147483647;
			files = (
				5E30012028468E7900E7B0A8 /* generatorRandomPhotosUITestsLaunchTests.swift in Sources */,
				5E30011E28468E7900E7B0A8 /* generatorRandomPhotosUITests.swift in Sources */,
			);
			runOnlyForDeploymentPostprocessing = 0;
		};
/* End PBXSourcesBuildPhase section */

/* Begin PBXTargetDependency section */
		5E30011128468E7900E7B0A8 /* PBXTargetDependency */ = {
			isa = PBXTargetDependency;
			target = 5E3000F828468E7700E7B0A8 /* generatorRandomPhotos */;
			targetProxy = 5E30011028468E7900E7B0A8 /* PBXContainerItemProxy */;
		};
		5E30011B28468E7900E7B0A8 /* PBXTargetDependency */ = {
			isa = PBXTargetDependency;
			target = 5E3000F828468E7700E7B0A8 /* generatorRandomPhotos */;
			targetProxy = 5E30011A28468E7900E7B0A8 /* PBXContainerItemProxy */;
		};
/* End PBXTargetDependency section */

/* Begin PBXVariantGroup section */
		5E30010228468E7800E7B0A8 /* Main.storyboard */ = {
			isa = PBXVariantGroup;
			children = (
				5E30010328468E7800E7B0A8 /* Base */,
			);
			name = Main.storyboard;
			sourceTree = "<group>";
		};
		5E30010728468E7900E7B0A8 /* LaunchScreen.storyboard */ = {
			isa = PBXVariantGroup;
			children = (
				5E30010828468E7900E7B0A8 /* Base */,
			);
			name = LaunchScreen.storyboard;
			sourceTree = "<group>";
		};
/* End PBXVariantGroup section */

/* Begin XCBuildConfiguration section */
		5E30012128468E7900E7B0A8 /* Debug */ = {
			isa = XCBuildConfiguration;
			buildSettings = {
				ALWAYS_SEARCH_USER_PATHS = NO;
				CLANG_ANALYZER_NONNULL = YES;
				CLANG_ANALYZER_NUMBER_OBJECT_CONVERSION = YES_AGGRESSIVE;
				CLANG_CXX_LANGUAGE_STANDARD = "gnu++17";
				CLANG_ENABLE_MODULES = YES;
				CLANG_ENABLE_OBJC_ARC = YES;
				CLANG_ENABLE_OBJC_WEAK = YES;
				CLANG_WARN_BLOCK_CAPTURE_AUTORELEASING = YES;
				CLANG_WARN_BOOL_CONVERSION = YES;
				CLANG_WARN_COMMA = YES;
				CLANG_WARN_CONSTANT_CONVERSION = YES;
				CLANG_WARN_DEPRECATED_OBJC_IMPLEMENTATIONS = YES;
				CLANG_WARN_DIRECT_OBJC_ISA_USAGE = YES_ERROR;
				CLANG_WARN_DOCUMENTATION_COMMENTS = YES;
				CLANG_WARN_EMPTY_BODY = YES;
				CLANG_WARN_ENUM_CONVERSION = YES;
				CLANG_WARN_INFINITE_RECURSION = YES;
				CLANG_WARN_INT_CONVERSION = YES;
				CLANG_WARN_NON_LITERAL_NULL_CONVERSION = YES;
				CLANG_WARN_OBJC_IMPLICIT_RETAIN_SELF = YES;
				CLANG_WARN_OBJC_LITERAL_CONVERSION = YES;
				CLANG_WARN_OBJC_ROOT_CLASS = YES_ERROR;
				CLANG_WARN_QUOTED_INCLUDE_IN_FRAMEWORK_HEADER = YES;
				CLANG_WARN_RANGE_LOOP_ANALYSIS = YES;
				CLANG_WARN_STRICT_PROTOTYPES = YES;
				CLANG_WARN_SUSPICIOUS_MOVE = YES;
				CLANG_WARN_UNGUARDED_AVAILABILITY = YES_AGGRESSIVE;
				CLANG_WARN_UNREACHABLE_CODE = YES;
				CLANG_WARN__DUPLICATE_METHOD_MATCH = YES;
				COPY_PHASE_STRIP = NO;
				DEBUG_INFORMATION_FORMAT = dwarf;
				ENABLE_STRICT_OBJC_MSGSEND = YES;
				ENABLE_TESTABILITY = YES;
				GCC_C_LANGUAGE_STANDARD = gnu11;
				GCC_DYNAMIC_NO_PIC = NO;
				GCC_NO_COMMON_BLOCKS = YES;
				GCC_OPTIMIZATION_LEVEL = 0;
				GCC_PREPROCESSOR_DEFINITIONS = (
					"DEBUG=1",
					"$(inherited)",
				);
				GCC_WARN_64_TO_32_BIT_CONVERSION = YES;
				GCC_WARN_ABOUT_RETURN_TYPE = YES_ERROR;
				GCC_WARN_UNDECLARED_SELECTOR = YES;
				GCC_WARN_UNINITIALIZED_AUTOS = YES_AGGRESSIVE;
				GCC_WARN_UNUSED_FUNCTION = YES;
				GCC_WARN_UNUSED_VARIABLE = YES;
				IPHONEOS_DEPLOYMENT_TARGET = 15.5;
				MTL_ENABLE_DEBUG_INFO = INCLUDE_SOURCE;
				MTL_FAST_MATH = YES;
				ONLY_ACTIVE_ARCH = YES;
				SDKROOT = iphoneos;
				SWIFT_ACTIVE_COMPILATION_CONDITIONS = DEBUG;
				SWIFT_OPTIMIZATION_LEVEL = "-Onone";
			};
			name = Debug;
		};
		5E30012228468E7900E7B0A8 /* Release */ = {
			isa = XCBuildConfiguration;
			buildSettings = {
				ALWAYS_SEARCH_USER_PATHS = NO;
				CLANG_ANALYZER_NONNULL = YES;
				CLANG_ANALYZER_NUMBER_OBJECT_CONVERSION = YES_AGGRESSIVE;
				CLANG_CXX_LANGUAGE_STANDARD = "gnu++17";
				CLANG_ENABLE_MODULES = YES;
				CLANG_ENABLE_OBJC_ARC = YES;
				CLANG_ENABLE_OBJC_WEAK = YES;
				CLANG_WARN_BLOCK_CAPTURE_AUTORELEASING = YES;
				CLANG_WARN_BOOL_CONVERSION = YES;
				CLANG_WARN_COMMA = YES;
				CLANG_WARN_CONSTANT_CONVERSION = YES;
				CLANG_WARN_DEPRECATED_OBJC_IMPLEMENTATIONS = YES;
				CLANG_WARN_DIRECT_OBJC_ISA_USAGE = YES_ERROR;
				CLANG_WARN_DOCUMENTATION_COMMENTS = YES;
				CLANG_WARN_EMPTY_BODY = YES;
				CLANG_WARN_ENUM_CONVERSION = YES;
				CLANG_WARN_INFINITE_RECURSION = YES;
				CLANG_WARN_INT_CONVERSION = YES;
				CLANG_WARN_NON_LITERAL_NULL_CONVERSION = YES;
				CLANG_WARN_OBJC_IMPLICIT_RETAIN_SELF = YES;
				CLANG_WARN_OBJC_LITERAL_CONVERSION = YES;
				CLANG_WARN_OBJC_ROOT_CLASS = YES_ERROR;
				CLANG_WARN_QUOTED_INCLUDE_IN_FRAMEWORK_HEADER = YES;
				CLANG_WARN_RANGE_LOOP_ANALYSIS = YES;
				CLANG_WARN_STRICT_PROTOTYPES = YES;
				CLANG_WARN_SUSPICIOUS_MOVE = YES;
				CLANG_WARN_UNGUARDED_AVAILABILITY = YES_AGGRESSIVE;
				CLANG_WARN_UNREACHABLE_CODE = YES;
				CLANG_WARN__DUPLICATE_METHOD_MATCH = YES;
				COPY_PHASE_STRIP = NO;
				DEBUG_INFORMATION_FORMAT = "dwarf-with-dsym";
				ENABLE_NS_ASSERTIONS = NO;
				ENABLE_STRICT_OBJC_MSGSEND = YES;
				GCC_C_LANGUAGE_STANDARD = gnu11;
				GCC_NO_COMMON_BLOCKS = YES;
				GCC_WARN_64_TO_32_BIT_CONVERSION = YES;
				GCC_WARN_ABOUT_RETURN_TYPE = YES_ERROR;
				GCC_WARN_UNDECLARED_SELECTOR = YES;
				GCC_WARN_UNINITIALIZED_AUTOS = YES_AGGRESSIVE;
				GCC_WARN_UNUSED_FUNCTION = YES;
				GCC_WARN_UNUSED_VARIABLE = YES;
				IPHONEOS_DEPLOYMENT_TARGET = 15.5;
				MTL_ENABLE_DEBUG_INFO = NO;
				MTL_FAST_MATH = YES;
				SDKROOT = iphoneos;
				SWIFT_COMPILATION_MODE = wholemodule;
				SWIFT_OPTIMIZATION_LEVEL = "-O";
				VALIDATE_PRODUCT = YES;
			};
			name = Release;
		};
		5E30012428468E7900E7B0A8 /* Debug */ = {
			isa = XCBuildConfiguration;
			buildSettings = {
				ASSETCATALOG_COMPILER_APPICON_NAME = AppIcon;
				ASSETCATALOG_COMPILER_GLOBAL_ACCENT_COLOR_NAME = AccentColor;
				CODE_SIGN_STYLE = Automatic;
				CURRENT_PROJECT_VERSION = 1;
				GENERATE_INFOPLIST_FILE = YES;
				INFOPLIST_FILE = generatorRandomPhotos/Info.plist;
				INFOPLIST_KEY_UIApplicationSupportsIndirectInputEvents = YES;
				INFOPLIST_KEY_UILaunchStoryboardName = LaunchScreen;
				INFOPLIST_KEY_UIMainStoryboardFile = Main;
				INFOPLIST_KEY_UISupportedInterfaceOrientations_iPad = "UIInterfaceOrientationPortrait UIInterfaceOrientationPortraitUpsideDown UIInterfaceOrientationLandscapeLeft UIInterfaceOrientationLandscapeRight";
				INFOPLIST_KEY_UISupportedInterfaceOrientations_iPhone = "UIInterfaceOrientationPortrait UIInterfaceOrientationLandscapeLeft UIInterfaceOrientationLandscapeRight";
				LD_RUNPATH_SEARCH_PATHS = (
					"$(inherited)",
					"@executable_path/Frameworks",
				);
				MARKETING_VERSION = 1.0;
				PRODUCT_BUNDLE_IDENTIFIER = com.joff.generatorRandomPhotos;
				PRODUCT_NAME = "$(TARGET_NAME)";
				SWIFT_EMIT_LOC_STRINGS = YES;
				SWIFT_VERSION = 5.0;
				TARGETED_DEVICE_FAMILY = "1,2";
			};
			name = Debug;
		};
		5E30012528468E7900E7B0A8 /* Release */ = {
			isa = XCBuildConfiguration;
			buildSettings = {
				ASSETCATALOG_COMPILER_APPICON_NAME = AppIcon;
				ASSETCATALOG_COMPILER_GLOBAL_ACCENT_COLOR_NAME = AccentColor;
				CODE_SIGN_STYLE = Automatic;
				CURRENT_PROJECT_VERSION = 1;
				GENERATE_INFOPLIST_FILE = YES;
				INFOPLIST_FILE = generatorRandomPhotos/Info.plist;
				INFOPLIST_KEY_UIApplicationSupportsIndirectInputEvents = YES;
				INFOPLIST_KEY_UILaunchStoryboardName = LaunchScreen;
				INFOPLIST_KEY_UIMainStoryboardFile = Main;
				INFOPLIST_KEY_UISupportedInterfaceOrientations_iPad = "UIInterfaceOrientationPortrait UIInterfaceOrientationPortraitUpsideDown UIInterfaceOrientationLandscapeLeft UIInterfaceOrientationLandscapeRight";
				INFOPLIST_KEY_UISupportedInterfaceOrientations_iPhone = "UIInterfaceOrientationPortrait UIInterfaceOrientationLandscapeLeft UIInterfaceOrientationLandscapeRight";
				LD_RUNPATH_SEARCH_PATHS = (
					"$(inherited)",
					"@executable_path/Frameworks",
				);
				MARKETING_VERSION = 1.0;
				PRODUCT_BUNDLE_IDENTIFIER = com.joff.generatorRandomPhotos;
				PRODUCT_NAME = "$(TARGET_NAME)";
				SWIFT_EMIT_LOC_STRINGS = YES;
				SWIFT_VERSION = 5.0;
				TARGETED_DEVICE_FAMILY = "1,2";
			};
			name = Release;
		};
		5E30012728468E7900E7B0A8 /* Debug */ = {
			isa = XCBuildConfiguration;
			buildSettings = {
				ALWAYS_EMBED_SWIFT_STANDARD_LIBRARIES = YES;
				BUNDLE_LOADER = "$(TEST_HOST)";
				CODE_SIGN_STYLE = Automatic;
				CURRENT_PROJECT_VERSION = 1;
				GENERATE_INFOPLIST_FILE = YES;
				IPHONEOS_DEPLOYMENT_TARGET = 15.5;
				MARKETING_VERSION = 1.0;
				PRODUCT_BUNDLE_IDENTIFIER = com.joff.generatorRandomPhotosTests;
				PRODUCT_NAME = "$(TARGET_NAME)";
				SWIFT_EMIT_LOC_STRINGS = NO;
				SWIFT_VERSION = 5.0;
				TARGETED_DEVICE_FAMILY = "1,2";
				TEST_HOST = "$(BUILT_PRODUCTS_DIR)/generatorRandomPhotos.app/generatorRandomPhotos";
			};
			name = Debug;
		};
		5E30012828468E7900E7B0A8 /* Release */ = {
			isa = XCBuildConfiguration;
			buildSettings = {
				ALWAYS_EMBED_SWIFT_STANDARD_LIBRARIES = YES;
				BUNDLE_LOADER = "$(TEST_HOST)";
				CODE_SIGN_STYLE = Automatic;
				CURRENT_PROJECT_VERSION = 1;
				GENERATE_INFOPLIST_FILE = YES;
				IPHONEOS_DEPLOYMENT_TARGET = 15.5;
				MARKETING_VERSION = 1.0;
				PRODUCT_BUNDLE_IDENTIFIER = com.joff.generatorRandomPhotosTests;
				PRODUCT_NAME = "$(TARGET_NAME)";
				SWIFT_EMIT_LOC_STRINGS = NO;
				SWIFT_VERSION = 5.0;
				TARGETED_DEVICE_FAMILY = "1,2";
				TEST_HOST = "$(BUILT_PRODUCTS_DIR)/generatorRandomPhotos.app/generatorRandomPhotos";
			};
			name = Release;
		};
		5E30012A28468E7900E7B0A8 /* Debug */ = {
			isa = XCBuildConfiguration;
			buildSettings = {
				ALWAYS_EMBED_SWIFT_STANDARD_LIBRARIES = YES;
				CODE_SIGN_STYLE = Automatic;
				CURRENT_PROJECT_VERSION = 1;
				GENERATE_INFOPLIST_FILE = YES;
				MARKETING_VERSION = 1.0;
				PRODUCT_BUNDLE_IDENTIFIER = com.joff.generatorRandomPhotosUITests;
				PRODUCT_NAME = "$(TARGET_NAME)";
				SWIFT_EMIT_LOC_STRINGS = NO;
				SWIFT_VERSION = 5.0;
				TARGETED_DEVICE_FAMILY = "1,2";
				TEST_TARGET_NAME = generatorRandomPhotos;
			};
			name = Debug;
		};
		5E30012B28468E7900E7B0A8 /* Release */ = {
			isa = XCBuildConfiguration;
			buildSettings = {
				ALWAYS_EMBED_SWIFT_STANDARD_LIBRARIES = YES;
				CODE_SIGN_STYLE = Automatic;
				CURRENT_PROJECT_VERSION = 1;
				GENERATE_INFOPLIST_FILE = YES;
				MARKETING_VERSION = 1.0;
				PRODUCT_BUNDLE_IDENTIFIER = com.joff.generatorRandomPhotosUITests;
				PRODUCT_NAME = "$(TARGET_NAME)";
				SWIFT_EMIT_LOC_STRINGS = NO;
				SWIFT_VERSION = 5.0;
				TARGETED_DEVICE_FAMILY = "1,2";
				TEST_TARGET_NAME = generatorRandomPhotos;
			};
			name = Release;
		};
/* End XCBuildConfiguration section */

/* Begin XCConfigurationList section */
		5E3000F428468E7700E7B0A8 /* Build configuration list for PBXProject "generatorRandomPhotos" */ = {
			isa = XCConfigurationList;
			buildConfigurations = (
				5E30012128468E7900E7B0A8 /* Debug */,
				5E30012228468E7900E7B0A8 /* Release */,
			);
			defaultConfigurationIsVisible = 0;
			defaultConfigurationName = Release;
		};
		5E30012328468E7900E7B0A8 /* Build configuration list for PBXNativeTarget "generatorRandomPhotos" */ = {
			isa = XCConfigurationList;
			buildConfigurations = (
				5E30012428468E7900E7B0A8 /* Debug */,
				5E30012528468E7900E7B0A8 /* Release */,
			);
			defaultConfigurationIsVisible = 0;
			defaultConfigurationName = Release;
		};
		5E30012628468E7900E7B0A8 /* Build configuration list for PBXNativeTarget "generatorRandomPhotosTests" */ = {
			isa = XCConfigurationList;
			buildConfigurations = (
				5E30012728468E7900E7B0A8 /* Debug */,
				5E30012828468E7900E7B0A8 /* Release */,
			);
			defaultConfigurationIsVisible = 0;
			defaultConfigurationName = Release;
		};
		5E30012928468E7900E7B0A8 /* Build configuration list for PBXNativeTarget "generatorRandomPhotosUITests" */ = {
			isa = XCConfigurationList;
			buildConfigurations = (
				5E30012A28468E7900E7B0A8 /* Debug */,
				5E30012B28468E7900E7B0A8 /* Release */,
			);
			defaultConfigurationIsVisible = 0;
			defaultConfigurationName = Release;
		};
/* End XCConfigurationList section */
	};
	rootObject = 5E3000F128468E7700E7B0A8 /* Project object */;
}
